
Microsoft Visual Studio Solution File, Format Version 12.00
# Visual Studio Version 17
VisualStudioVersion = 17.6.33815.320
MinimumVisualStudioVersion = 10.0.40219.1
Project("{FAE04EC0-301F-11D3-BF4B-00C04F79EFBC}") = "Test_manageDoc", "Test_manageDoc\Test_manageDoc.csproj", "{3E73E4AF-E73E-4E08-A248-8310113B937A}"
EndProject
Global
	GlobalSection(SolutionConfigurationPlatforms) = preSolution
		Debug|Any CPU = Debug|Any CPU
		Release|Any CPU = Release|Any CPU
	EndGlobalSection
	GlobalSection(ProjectConfigurationPlatforms) = postSolution
		{3E73E4AF-E73E-4E08-A248-8310113B937A}.Debug|Any CPU.ActiveCfg = Debug|Any CPU
		{3E73E4AF-E73E-4E08-A248-8310113B937A}.Debug|Any CPU.Build.0 = Debug|Any CPU
		{3E73E4AF-E73E-4E08-A248-8310113B937A}.Release|Any CPU.ActiveCfg = Release|Any CPU
		{3E73E4AF-E73E-4E08-A248-8310113B937A}.Release|Any CPU.Build.0 = Release|Any CPU
	EndGlobalSection
	GlobalSection(SolutionProperties) = preSolution
		HideSolutionNode = FALSE
	EndGlobalSection
	GlobalSection(ExtensibilityGlobals) = postSolution
		SolutionGuid = {903DC548-9AA3-4AD4-B2BB-A531A0920B85}
	EndGlobalSection
EndGlobal
